
Microsoft Visual Studio Solution File, Format Version 12.00
# Visual Studio Version 17
VisualStudioVersion = 17.1.32421.90
MinimumVisualStudioVersion = 10.0.40219.1
Project("{FAE04EC0-301F-11D3-BF4B-00C04F79EFBC}") = "Clase5", "Clase5\Clase5.csproj", "{CF412C6B-6B11-45D5-8FB4-6CD5C92BBFAF}"
EndProject
Global
	GlobalSection(SolutionConfigurationPlatforms) = preSolution
		Debug|Any CPU = Debug|Any CPU
		Release|Any CPU = Release|Any CPU
	EndGlobalSection
	GlobalSection(ProjectConfigurationPlatforms) = postSolution
		{CF412C6B-6B11-45D5-8FB4-6CD5C92BBFAF}.Debug|Any CPU.ActiveCfg = Debug|Any CPU
		{CF412C6B-6B11-45D5-8FB4-6CD5C92BBFAF}.Debug|Any CPU.Build.0 = Debug|Any CPU
		{CF412C6B-6B11-45D5-8FB4-6CD5C92BBFAF}.Release|Any CPU.ActiveCfg = Release|Any CPU
		{CF412C6B-6B11-45D5-8FB4-6CD5C92BBFAF}.Release|Any CPU.Build.0 = Release|Any CPU
	EndGlobalSection
	GlobalSection(SolutionProperties) = preSolution
		HideSolutionNode = FALSE
	EndGlobalSection
	GlobalSection(ExtensibilityGlobals) = postSolution
		SolutionGuid = {976D2FE7-1082-41DE-89C4-39B2485F57BD}
	EndGlobalSection
EndGlobal
